
Microsoft Visual Studio Solution File, Format Version 12.00
# Visual Studio Version 17
VisualStudioVersion = 17.11.35222.181
MinimumVisualStudioVersion = 10.0.40219.1
Project("{FAE04EC0-301F-11D3-BF4B-00C04F79EFBC}") = "TodoList", "TodoList\TodoList.csproj", "{8979ECB2-0083-434E-8B08-6E0F76089CD6}"
EndProject
Global
	GlobalSection(SolutionConfigurationPlatforms) = preSolution
		Debug|Any CPU = Debug|Any CPU
		Release|Any CPU = Release|Any CPU
	EndGlobalSection
	GlobalSection(ProjectConfigurationPlatforms) = postSolution
		{8979ECB2-0083-434E-8B08-6E0F76089CD6}.Debug|Any CPU.ActiveCfg = Debug|Any CPU
		{8979ECB2-0083-434E-8B08-6E0F76089CD6}.Debug|Any CPU.Build.0 = Debug|Any CPU
		{8979ECB2-0083-434E-8B08-6E0F76089CD6}.Release|Any CPU.ActiveCfg = Release|Any CPU
		{8979ECB2-0083-434E-8B08-6E0F76089CD6}.Release|Any CPU.Build.0 = Release|Any CPU
	EndGlobalSection
	GlobalSection(SolutionProperties) = preSolution
		HideSolutionNode = FALSE
	EndGlobalSection
	GlobalSection(ExtensibilityGlobals) = postSolution
		SolutionGuid = {CB46C698-C4BE-44F4-9F01-5EC6C6D105D0}
	EndGlobalSection
EndGlobal
